
Microsoft Visual Studio Solution File, Format Version 12.00
# Visual Studio 15
Project("{FAE04EC0-301F-11D3-BF4B-00C04F79EFBC}") = "WeatherService", "WeatherService\WeatherService.csproj", "{B9695802-B351-4883-96A4-09D346D26298}"
EndProject
Global
	GlobalSection(SolutionConfigurationPlatforms) = preSolution
		Debug|Any CPU = Debug|Any CPU
		Release|Any CPU = Release|Any CPU
	EndGlobalSection
	GlobalSection(ProjectConfigurationPlatforms) = postSolution
		{B9695802-B351-4883-96A4-09D346D26298}.Debug|Any CPU.ActiveCfg = Debug|Any CPU
		{B9695802-B351-4883-96A4-09D346D26298}.Debug|Any CPU.Build.0 = Debug|Any CPU
		{B9695802-B351-4883-96A4-09D346D26298}.Release|Any CPU.ActiveCfg = Release|Any CPU
		{B9695802-B351-4883-96A4-09D346D26298}.Release|Any CPU.Build.0 = Release|Any CPU
	EndGlobalSection
EndGlobal
